
Microsoft Visual Studio Solution File, Format Version 12.00
# Visual Studio Version 16
VisualStudioVersion = 16.0.29009.5
MinimumVisualStudioVersion = 10.0.40219.1
Project("{9A19103F-16F7-4668-BE54-9A1E7A4F7556}") = "HergBotLogging", "HergBotLogging\HergBotLogging.csproj", "{5D194580-362E-4548-B476-2AC5FB46AE1B}"
EndProject
Project("{FAE04EC0-301F-11D3-BF4B-00C04F79EFBC}") = "HergBotLogging_Tests", "HergBotLogging_Tests\HergBotLogging_Tests.csproj", "{1C6C13BD-2FFF-4602-BC7D-93E77070D01F}"
EndProject
Global
	GlobalSection(SolutionConfigurationPlatforms) = preSolution
		Debug|Any CPU = Debug|Any CPU
		Release|Any CPU = Release|Any CPU
	EndGlobalSection
	GlobalSection(ProjectConfigurationPlatforms) = postSolution
		{5D194580-362E-4548-B476-2AC5FB46AE1B}.Debug|Any CPU.ActiveCfg = Debug|Any CPU
		{5D194580-362E-4548-B476-2AC5FB46AE1B}.Debug|Any CPU.Build.0 = Debug|Any CPU
		{5D194580-362E-4548-B476-2AC5FB46AE1B}.Release|Any CPU.ActiveCfg = Release|Any CPU
		{5D194580-362E-4548-B476-2AC5FB46AE1B}.Release|Any CPU.Build.0 = Release|Any CPU
		{1C6C13BD-2FFF-4602-BC7D-93E77070D01F}.Debug|Any CPU.ActiveCfg = Debug|Any CPU
		{1C6C13BD-2FFF-4602-BC7D-93E77070D01F}.Debug|Any CPU.Build.0 = Debug|Any CPU
		{1C6C13BD-2FFF-4602-BC7D-93E77070D01F}.Release|Any CPU.ActiveCfg = Release|Any CPU
		{1C6C13BD-2FFF-4602-BC7D-93E77070D01F}.Release|Any CPU.Build.0 = Release|Any CPU
	EndGlobalSection
	GlobalSection(SolutionProperties) = preSolution
		HideSolutionNode = FALSE
	EndGlobalSection
	GlobalSection(ExtensibilityGlobals) = postSolution
		SolutionGuid = {2DB27C61-145A-4BB2-B84C-FF31D3C402CB}
	EndGlobalSection
EndGlobal
